
Microsoft Visual Studio Solution File, Format Version 11.00
# Visual Studio 2010
Project("{FAE04EC0-301F-11D3-BF4B-00C04F79EFBC}") = "Bind.iOS.Sample", "Bind.iOS\Bind.iOS.Sample.csproj", "{4366666B-C24B-4E17-B611-D6D530EA41A3}"
EndProject
Project("{FAE04EC0-301F-11D3-BF4B-00C04F79EFBC}") = "Bind.iOS", "..\src\Bind.iOS\Bind.iOS.csproj", "{8727A565-59A5-4264-B9E6-DD1BE145CD5C}"
EndProject
Global
	GlobalSection(SolutionConfigurationPlatforms) = preSolution
		Debug|iPhoneSimulator = Debug|iPhoneSimulator
		Release|iPhoneSimulator = Release|iPhoneSimulator
		Debug|iPhone = Debug|iPhone
		Release|iPhone = Release|iPhone
		Ad-Hoc|iPhone = Ad-Hoc|iPhone
		AppStore|iPhone = AppStore|iPhone
	EndGlobalSection
	GlobalSection(ProjectConfigurationPlatforms) = postSolution
		{4366666B-C24B-4E17-B611-D6D530EA41A3}.Ad-Hoc|iPhone.ActiveCfg = Ad-Hoc|iPhone
		{4366666B-C24B-4E17-B611-D6D530EA41A3}.Ad-Hoc|iPhone.Build.0 = Ad-Hoc|iPhone
		{4366666B-C24B-4E17-B611-D6D530EA41A3}.AppStore|iPhone.ActiveCfg = AppStore|iPhone
		{4366666B-C24B-4E17-B611-D6D530EA41A3}.AppStore|iPhone.Build.0 = AppStore|iPhone
		{4366666B-C24B-4E17-B611-D6D530EA41A3}.Debug|iPhone.ActiveCfg = Debug|iPhone
		{4366666B-C24B-4E17-B611-D6D530EA41A3}.Debug|iPhone.Build.0 = Debug|iPhone
		{4366666B-C24B-4E17-B611-D6D530EA41A3}.Debug|iPhoneSimulator.ActiveCfg = Debug|iPhoneSimulator
		{4366666B-C24B-4E17-B611-D6D530EA41A3}.Debug|iPhoneSimulator.Build.0 = Debug|iPhoneSimulator
		{4366666B-C24B-4E17-B611-D6D530EA41A3}.Release|iPhone.ActiveCfg = Release|iPhone
		{4366666B-C24B-4E17-B611-D6D530EA41A3}.Release|iPhone.Build.0 = Release|iPhone
		{4366666B-C24B-4E17-B611-D6D530EA41A3}.Release|iPhoneSimulator.ActiveCfg = Release|iPhoneSimulator
		{4366666B-C24B-4E17-B611-D6D530EA41A3}.Release|iPhoneSimulator.Build.0 = Release|iPhoneSimulator
		{8727A565-59A5-4264-B9E6-DD1BE145CD5C}.Ad-Hoc|iPhone.ActiveCfg = Release|Any CPU
		{8727A565-59A5-4264-B9E6-DD1BE145CD5C}.Ad-Hoc|iPhone.Build.0 = Release|Any CPU
		{8727A565-59A5-4264-B9E6-DD1BE145CD5C}.AppStore|iPhone.ActiveCfg = Release|Any CPU
		{8727A565-59A5-4264-B9E6-DD1BE145CD5C}.AppStore|iPhone.Build.0 = Release|Any CPU
		{8727A565-59A5-4264-B9E6-DD1BE145CD5C}.Debug|iPhone.ActiveCfg = Debug|Any CPU
		{8727A565-59A5-4264-B9E6-DD1BE145CD5C}.Debug|iPhone.Build.0 = Debug|Any CPU
		{8727A565-59A5-4264-B9E6-DD1BE145CD5C}.Debug|iPhoneSimulator.ActiveCfg = Debug|Any CPU
		{8727A565-59A5-4264-B9E6-DD1BE145CD5C}.Debug|iPhoneSimulator.Build.0 = Debug|Any CPU
		{8727A565-59A5-4264-B9E6-DD1BE145CD5C}.Release|iPhone.ActiveCfg = Release|Any CPU
		{8727A565-59A5-4264-B9E6-DD1BE145CD5C}.Release|iPhone.Build.0 = Release|Any CPU
		{8727A565-59A5-4264-B9E6-DD1BE145CD5C}.Release|iPhoneSimulator.ActiveCfg = Release|Any CPU
		{8727A565-59A5-4264-B9E6-DD1BE145CD5C}.Release|iPhoneSimulator.Build.0 = Release|Any CPU
	EndGlobalSection
	GlobalSection(MonoDevelopProperties) = preSolution
		StartupItem = Bind.iOS\Bind.iOS.Sample.csproj
	EndGlobalSection
EndGlobal
